
Microsoft Visual Studio Solution File, Format Version 12.00
# Visual Studio 15
VisualStudioVersion = 15.0.28010.2050
MinimumVisualStudioVersion = 10.0.40219.1
Project("{FAE04EC0-301F-11D3-BF4B-00C04F79EFBC}") = "AttributeTest", "AttributeTest\AttributeTest.csproj", "{4BE77B0F-D77E-4E44-BA35-2956EB26A70A}"
EndProject
Global
	GlobalSection(SolutionConfigurationPlatforms) = preSolution
		Debug|Any CPU = Debug|Any CPU
		Release|Any CPU = Release|Any CPU
	EndGlobalSection
	GlobalSection(ProjectConfigurationPlatforms) = postSolution
		{4BE77B0F-D77E-4E44-BA35-2956EB26A70A}.Debug|Any CPU.ActiveCfg = Debug|Any CPU
		{4BE77B0F-D77E-4E44-BA35-2956EB26A70A}.Debug|Any CPU.Build.0 = Debug|Any CPU
		{4BE77B0F-D77E-4E44-BA35-2956EB26A70A}.Release|Any CPU.ActiveCfg = Release|Any CPU
		{4BE77B0F-D77E-4E44-BA35-2956EB26A70A}.Release|Any CPU.Build.0 = Release|Any CPU
	EndGlobalSection
	GlobalSection(SolutionProperties) = preSolution
		HideSolutionNode = FALSE
	EndGlobalSection
	GlobalSection(ExtensibilityGlobals) = postSolution
		SolutionGuid = {6603B102-0866-41A5-AECD-13DE494E00EB}
	EndGlobalSection
EndGlobal
